
Microsoft Visual Studio Solution File, Format Version 12.00
# Visual Studio Version 17
VisualStudioVersion = 17.14.36717.8 d17.14
MinimumVisualStudioVersion = 10.0.40219.1
Project("{FAE04EC0-301F-11D3-BF4B-00C04F79EFBC}") = "Gym Management", "Gym Management.csproj", "{D0ADBB6C-4A63-407D-A3C0-9B5880B4188C}"
EndProject
Global
	GlobalSection(SolutionConfigurationPlatforms) = preSolution
		Debug|Any CPU = Debug|Any CPU
		Release|Any CPU = Release|Any CPU
	EndGlobalSection
	GlobalSection(ProjectConfigurationPlatforms) = postSolution
		{D0ADBB6C-4A63-407D-A3C0-9B5880B4188C}.Debug|Any CPU.ActiveCfg = Debug|Any CPU
		{D0ADBB6C-4A63-407D-A3C0-9B5880B4188C}.Debug|Any CPU.Build.0 = Debug|Any CPU
		{D0ADBB6C-4A63-407D-A3C0-9B5880B4188C}.Release|Any CPU.ActiveCfg = Release|Any CPU
		{D0ADBB6C-4A63-407D-A3C0-9B5880B4188C}.Release|Any CPU.Build.0 = Release|Any CPU
	EndGlobalSection
	GlobalSection(SolutionProperties) = preSolution
		HideSolutionNode = FALSE
	EndGlobalSection
	GlobalSection(ExtensibilityGlobals) = postSolution
		SolutionGuid = {AFBF505E-AF2D-4F3B-A275-5DE004F4E0C5}
	EndGlobalSection
EndGlobal
